{
  "version": 4,
  "terraform_version": "1.12.1",
  "serial": 6,
  "lineage": "d737b734-fe6f-3cb9-d044-972d96e4f8b7",
  "outputs": {},
  "resources": [
    {
      "mode": "managed",
      "type": "mysql_database",
      "name": "meubanco",
      "provider": "provider[\"registry.terraform.io/petoju/mysql\"]",
      "instances": [
        {
          "schema_version": 0,
          "attributes": {
            "default_character_set": "utf8mb4",
            "default_collation": "utf8mb4_general_ci",
            "id": "meubanco",
            "name": "meubanco"
          },
          "sensitive_attributes": [],
          "identity_schema_version": 0,
          "private": "bnVsbA=="
        }
      ]
    },
    {
      "mode": "managed",
      "type": "mysql_user",
      "name": "app_user",
      "provider": "provider[\"registry.terraform.io/petoju/mysql\"]",
      "instances": [
        {
          "schema_version": 0,
          "attributes": {
            "aad_identity": [],
            "auth_plugin": null,
            "auth_string_hashed": null,
            "host": "%",
            "id": "app@%",
            "password": null,
            "plaintext_password": "25f335795e17714a50f08e08985dd0b125ebfddd11e166e8579bb5eae14343ed",
            "retain_old_password": null,
            "tls_option": "NONE",
            "user": "app"
          },
          "sensitive_attributes": [
            [
              {
                "type": "get_attr",
                "value": "auth_string_hashed"
              }
            ],
            [
              {
                "type": "get_attr",
                "value": "password"
              }
            ],
            [
              {
                "type": "get_attr",
                "value": "plaintext_password"
              }
            ]
          ],
          "identity_schema_version": 0,
          "private": "bnVsbA=="
        }
      ]
    }
  ],
  "check_results": null
}
